
Microsoft Visual Studio Solution File, Format Version 12.00
# Visual Studio Version 17
VisualStudioVersion = 17.5.002.0
MinimumVisualStudioVersion = 10.0.40219.1
Project("{9A19103F-16F7-4668-BE54-9A1E7A4F7556}") = "Pagina", "Pagina.csproj", "{209997A7-23C5-4CB2-9F4B-F5CB175206FE}"
EndProject
Global
	GlobalSection(SolutionConfigurationPlatforms) = preSolution
		Debug|Any CPU = Debug|Any CPU
		Release|Any CPU = Release|Any CPU
	EndGlobalSection
	GlobalSection(ProjectConfigurationPlatforms) = postSolution
		{209997A7-23C5-4CB2-9F4B-F5CB175206FE}.Debug|Any CPU.ActiveCfg = Debug|Any CPU
		{209997A7-23C5-4CB2-9F4B-F5CB175206FE}.Debug|Any CPU.Build.0 = Debug|Any CPU
		{209997A7-23C5-4CB2-9F4B-F5CB175206FE}.Release|Any CPU.ActiveCfg = Release|Any CPU
		{209997A7-23C5-4CB2-9F4B-F5CB175206FE}.Release|Any CPU.Build.0 = Release|Any CPU
	EndGlobalSection
	GlobalSection(SolutionProperties) = preSolution
		HideSolutionNode = FALSE
	EndGlobalSection
	GlobalSection(ExtensibilityGlobals) = postSolution
		SolutionGuid = {7D3765D1-D838-4F55-A3B5-9C8995501BC1}
	EndGlobalSection
EndGlobal
