Microsoft Visual Studio Solution File, Format Version 12.00
# Visual Studio Version 17
VisualStudioVersion = 17.5.2.0
MinimumVisualStudioVersion = 10.0.40219.1
Project("{FAE04EC0-301F-11D3-BF4B-00C04F79EFBC}") = "ProductsReviews.Brands.API", "ProductsReviews.Brands.API.csproj", "{B560B066-A19F-95D2-DF58-FA3B06FDEA6D}"
EndProject
Global
	GlobalSection(SolutionConfigurationPlatforms) = preSolution
		Debug|Any CPU = Debug|Any CPU
		Release|Any CPU = Release|Any CPU
	EndGlobalSection
	GlobalSection(ProjectConfigurationPlatforms) = postSolution
		{B560B066-A19F-95D2-DF58-FA3B06FDEA6D}.Debug|Any CPU.ActiveCfg = Debug|Any CPU
		{B560B066-A19F-95D2-DF58-FA3B06FDEA6D}.Debug|Any CPU.Build.0 = Debug|Any CPU
		{B560B066-A19F-95D2-DF58-FA3B06FDEA6D}.Release|Any CPU.ActiveCfg = Release|Any CPU
		{B560B066-A19F-95D2-DF58-FA3B06FDEA6D}.Release|Any CPU.Build.0 = Release|Any CPU
	EndGlobalSection
	GlobalSection(SolutionProperties) = preSolution
		HideSolutionNode = FALSE
	EndGlobalSection
	GlobalSection(ExtensibilityGlobals) = postSolution
		SolutionGuid = {D069314B-FB8E-4A89-BF9D-A823B8BD65EF}
	EndGlobalSection
EndGlobal
