Microsoft Visual Studio Solution File, Format Version 12.00
# Visual Studio Version 17
VisualStudioVersion = 17.5.2.0
MinimumVisualStudioVersion = 10.0.40219.1
Project("{FAE04EC0-301F-11D3-BF4B-00C04F79EFBC}") = "HetWeer", "HetWeer.csproj", "{2CF80B8B-D74D-3C19-7147-28B5E1085C99}"
EndProject
Project("{FAE04EC0-301F-11D3-BF4B-00C04F79EFBC}") = "TheClient", "..\TheClient\TheClient.csproj", "{03DF2483-2AE9-4E6D-98C1-7F4F4F7C013F}"
EndProject
Project("{FAE04EC0-301F-11D3-BF4B-00C04F79EFBC}") = "ExternalClient", "..\ExternalClient\ExternalClient.csproj", "{49B6C7AB-884F-41EC-B016-E0015B450E36}"
EndProject
Global
	GlobalSection(SolutionConfigurationPlatforms) = preSolution
		Debug|Any CPU = Debug|Any CPU
		Release|Any CPU = Release|Any CPU
	EndGlobalSection
	GlobalSection(ProjectConfigurationPlatforms) = postSolution
		{2CF80B8B-D74D-3C19-7147-28B5E1085C99}.Debug|Any CPU.ActiveCfg = Debug|Any CPU
		{2CF80B8B-D74D-3C19-7147-28B5E1085C99}.Debug|Any CPU.Build.0 = Debug|Any CPU
		{2CF80B8B-D74D-3C19-7147-28B5E1085C99}.Release|Any CPU.ActiveCfg = Release|Any CPU
		{2CF80B8B-D74D-3C19-7147-28B5E1085C99}.Release|Any CPU.Build.0 = Release|Any CPU
		{03DF2483-2AE9-4E6D-98C1-7F4F4F7C013F}.Debug|Any CPU.ActiveCfg = Debug|Any CPU
		{03DF2483-2AE9-4E6D-98C1-7F4F4F7C013F}.Debug|Any CPU.Build.0 = Debug|Any CPU
		{03DF2483-2AE9-4E6D-98C1-7F4F4F7C013F}.Release|Any CPU.ActiveCfg = Release|Any CPU
		{03DF2483-2AE9-4E6D-98C1-7F4F4F7C013F}.Release|Any CPU.Build.0 = Release|Any CPU
		{49B6C7AB-884F-41EC-B016-E0015B450E36}.Debug|Any CPU.ActiveCfg = Debug|Any CPU
		{49B6C7AB-884F-41EC-B016-E0015B450E36}.Debug|Any CPU.Build.0 = Debug|Any CPU
		{49B6C7AB-884F-41EC-B016-E0015B450E36}.Release|Any CPU.ActiveCfg = Release|Any CPU
		{49B6C7AB-884F-41EC-B016-E0015B450E36}.Release|Any CPU.Build.0 = Release|Any CPU
	EndGlobalSection
	GlobalSection(SolutionProperties) = preSolution
		HideSolutionNode = FALSE
	EndGlobalSection
	GlobalSection(ExtensibilityGlobals) = postSolution
		SolutionGuid = {D5936118-AF57-43C8-9937-D720C0A7BAE5}
	EndGlobalSection
EndGlobal
