Microsoft Visual Studio Solution File, Format Version 12.00
# Visual Studio Version 17
VisualStudioVersion = 17.5.2.0
MinimumVisualStudioVersion = 10.0.40219.1
Project("{FAE04EC0-301F-11D3-BF4B-00C04F79EFBC}") = "GeneratedController", "GeneratedController.csproj", "{8294E462-BC45-D8B9-2547-CE114E0A2B46}"
EndProject
Global
	GlobalSection(SolutionConfigurationPlatforms) = preSolution
		Debug|Any CPU = Debug|Any CPU
		Release|Any CPU = Release|Any CPU
	EndGlobalSection
	GlobalSection(ProjectConfigurationPlatforms) = postSolution
		{8294E462-BC45-D8B9-2547-CE114E0A2B46}.Debug|Any CPU.ActiveCfg = Debug|Any CPU
		{8294E462-BC45-D8B9-2547-CE114E0A2B46}.Debug|Any CPU.Build.0 = Debug|Any CPU
		{8294E462-BC45-D8B9-2547-CE114E0A2B46}.Release|Any CPU.ActiveCfg = Release|Any CPU
		{8294E462-BC45-D8B9-2547-CE114E0A2B46}.Release|Any CPU.Build.0 = Release|Any CPU
	EndGlobalSection
	GlobalSection(SolutionProperties) = preSolution
		HideSolutionNode = FALSE
	EndGlobalSection
	GlobalSection(ExtensibilityGlobals) = postSolution
		SolutionGuid = {2CB44ACD-43E0-477E-8D4E-DF9AF0080175}
	EndGlobalSection
EndGlobal
