Microsoft Visual Studio Solution File, Format Version 12.00
# Visual Studio Version 17
VisualStudioVersion = 17.5.2.0
MinimumVisualStudioVersion = 10.0.40219.1
Project("{FAE04EC0-301F-11D3-BF4B-00C04F79EFBC}") = "Controllers", "Controllers.csproj", "{0D1B06E3-B38C-B0E0-0BD3-632009A18C32}"
EndProject
Global
	GlobalSection(SolutionConfigurationPlatforms) = preSolution
		Debug|Any CPU = Debug|Any CPU
		Release|Any CPU = Release|Any CPU
	EndGlobalSection
	GlobalSection(ProjectConfigurationPlatforms) = postSolution
		{0D1B06E3-B38C-B0E0-0BD3-632009A18C32}.Debug|Any CPU.ActiveCfg = Debug|Any CPU
		{0D1B06E3-B38C-B0E0-0BD3-632009A18C32}.Debug|Any CPU.Build.0 = Debug|Any CPU
		{0D1B06E3-B38C-B0E0-0BD3-632009A18C32}.Release|Any CPU.ActiveCfg = Release|Any CPU
		{0D1B06E3-B38C-B0E0-0BD3-632009A18C32}.Release|Any CPU.Build.0 = Release|Any CPU
	EndGlobalSection
	GlobalSection(SolutionProperties) = preSolution
		HideSolutionNode = FALSE
	EndGlobalSection
	GlobalSection(ExtensibilityGlobals) = postSolution
		SolutionGuid = {A6B94D65-7397-4B5B-9E23-B0C34D3DE29E}
	EndGlobalSection
EndGlobal
